// !$*UTF8*$!
{
	archiveVersion = 1;
	classes = {
	};
	objectVersion = 46;
	objects = {

/* Begin PBXBuildFile section */
		1C0BC1845CEBAC954266F731 /* Pods_KeepItCool.framework in Frameworks */ = {isa = PBXBuildFile; fileRef = E785B940786CC047BB7C0F3D /* Pods_KeepItCool.framework */; settings = {ATTRIBUTES = (Weak, ); }; };
		670E912C1B1AA0B6000CBF23 /* AppDelegate.swift in Sources */ = {isa = PBXBuildFile; fileRef = 670E912B1B1AA0B6000CBF23 /* AppDelegate.swift */; };
		670E912E1B1AA0B6000CBF23 /* MainViewController.swift in Sources */ = {isa = PBXBuildFile; fileRef = 670E912D1B1AA0B6000CBF23 /* MainViewController.swift */; };
		670E91311B1AA0B6000CBF23 /* Main.storyboard in Resources */ = {isa = PBXBuildFile; fileRef = 670E912F1B1AA0B6000CBF23 /* Main.storyboard */; };
		670E91331B1AA0B6000CBF23 /* Images.xcassets in Resources */ = {isa = PBXBuildFile; fileRef = 670E91321B1AA0B6000CBF23 /* Images.xcassets */; };
		670E91361B1AA0B6000CBF23 /* LaunchScreen.xib in Resources */ = {isa = PBXBuildFile; fileRef = 670E91341B1AA0B6000CBF23 /* LaunchScreen.xib */; };
		670E91421B1AA0B6000CBF23 /* KeepItCoolTests.swift in Sources */ = {isa = PBXBuildFile; fileRef = 670E91411B1AA0B6000CBF23 /* KeepItCoolTests.swift */; };
		6762E2331B5B3BC00004282D /* MainNavigationViewController.swift in Sources */ = {isa = PBXBuildFile; fileRef = 6762E2321B5B3BC00004282D /* MainNavigationViewController.swift */; };
		6762E2351B5B63CD0004282D /* SubZeroClient.swift in Sources */ = {isa = PBXBuildFile; fileRef = 6762E2341B5B63CD0004282D /* SubZeroClient.swift */; };
		6773963C1B1AE0CC00A59201 /* KRCollectionViewItem.swift in Sources */ = {isa = PBXBuildFile; fileRef = 6773963B1B1AE0CC00A59201 /* KRCollectionViewItem.swift */; };
		6773963E1B1AE1AD00A59201 /* KRCollectionViewItem.xib in Resources */ = {isa = PBXBuildFile; fileRef = 6773963D1B1AE1AD00A59201 /* KRCollectionViewItem.xib */; };
		67A8C9471B211A0F00B87317 /* Crypto.swift in Sources */ = {isa = PBXBuildFile; fileRef = 67A8C9461B211A0F00B87317 /* Crypto.swift */; };
		67E3590E1B5B23E80019DD81 /* LoginViewController.swift in Sources */ = {isa = PBXBuildFile; fileRef = 67E3590D1B5B23E80019DD81 /* LoginViewController.swift */; };
		68FA1ADE876728EEEA24689A /* Pods.framework in Frameworks */ = {isa = PBXBuildFile; fileRef = 2E3BCD13BC7DADAD6D76DF38 /* Pods.framework */; settings = {ATTRIBUTES = (Weak, ); }; };
/* End PBXBuildFile section */

/* Begin PBXContainerItemProxy section */
		670E913C1B1AA0B6000CBF23 /* PBXContainerItemProxy */ = {
			isa = PBXContainerItemProxy;
			containerPortal = 670E911E1B1AA0B5000CBF23 /* Project object */;
			proxyType = 1;
			remoteGlobalIDString = 670E91251B1AA0B5000CBF23;
			remoteInfo = KeepItCool;
		};
/* End PBXContainerItemProxy section */

/* Begin PBXFileReference section */
		2E3BCD13BC7DADAD6D76DF38 /* Pods.framework */ = {isa = PBXFileReference; explicitFileType = wrapper.framework; includeInIndex = 0; path = Pods.framework; sourceTree = BUILT_PRODUCTS_DIR; };
		670E91261B1AA0B5000CBF23 /* KeepItCool.app */ = {isa = PBXFileReference; explicitFileType = wrapper.application; includeInIndex = 0; path = KeepItCool.app; sourceTree = BUILT_PRODUCTS_DIR; };
		670E912A1B1AA0B6000CBF23 /* Info.plist */ = {isa = PBXFileReference; lastKnownFileType = text.plist.xml; path = Info.plist; sourceTree = "<group>"; };
		670E912B1B1AA0B6000CBF23 /* AppDelegate.swift */ = {isa = PBXFileReference; lastKnownFileType = sourcecode.swift; path = AppDelegate.swift; sourceTree = "<group>"; };
		670E912D1B1AA0B6000CBF23 /* MainViewController.swift */ = {isa = PBXFileReference; lastKnownFileType = sourcecode.swift; path = MainViewController.swift; sourceTree = "<group>"; };
		670E91301B1AA0B6000CBF23 /* Base */ = {isa = PBXFileReference; lastKnownFileType = file.storyboard; name = Base; path = Base.lproj/Main.storyboard; sourceTree = "<group>"; };
		670E91321B1AA0B6000CBF23 /* Images.xcassets */ = {isa = PBXFileReference; lastKnownFileType = folder.assetcatalog; path = Images.xcassets; sourceTree = "<group>"; };
		670E91351B1AA0B6000CBF23 /* Base */ = {isa = PBXFileReference; lastKnownFileType = file.xib; name = Base; path = Base.lproj/LaunchScreen.xib; sourceTree = "<group>"; };
		670E913B1B1AA0B6000CBF23 /* KeepItCoolTests.xctest */ = {isa = PBXFileReference; explicitFileType = wrapper.cfbundle; includeInIndex = 0; path = KeepItCoolTests.xctest; sourceTree = BUILT_PRODUCTS_DIR; };
		670E91401B1AA0B6000CBF23 /* Info.plist */ = {isa = PBXFileReference; lastKnownFileType = text.plist.xml; path = Info.plist; sourceTree = "<group>"; };
		670E91411B1AA0B6000CBF23 /* KeepItCoolTests.swift */ = {isa = PBXFileReference; lastKnownFileType = sourcecode.swift; path = KeepItCoolTests.swift; sourceTree = "<group>"; };
		6762E2321B5B3BC00004282D /* MainNavigationViewController.swift */ = {isa = PBXFileReference; fileEncoding = 4; lastKnownFileType = sourcecode.swift; name = MainNavigationViewController.swift; path = ../MainNavigationViewController.swift; sourceTree = "<group>"; };
		6762E2341B5B63CD0004282D /* SubZeroClient.swift */ = {isa = PBXFileReference; fileEncoding = 4; lastKnownFileType = sourcecode.swift; path = SubZeroClient.swift; sourceTree = "<group>"; };
		6773963B1B1AE0CC00A59201 /* KRCollectionViewItem.swift */ = {isa = PBXFileReference; fileEncoding = 4; lastKnownFileType = sourcecode.swift; path = KRCollectionViewItem.swift; sourceTree = "<group>"; };
		6773963D1B1AE1AD00A59201 /* KRCollectionViewItem.xib */ = {isa = PBXFileReference; fileEncoding = 4; lastKnownFileType = file.xib; path = KRCollectionViewItem.xib; sourceTree = "<group>"; };
		67A8C9461B211A0F00B87317 /* Crypto.swift */ = {isa = PBXFileReference; fileEncoding = 4; lastKnownFileType = sourcecode.swift; path = Crypto.swift; sourceTree = "<group>"; };
		67E3590D1B5B23E80019DD81 /* LoginViewController.swift */ = {isa = PBXFileReference; fileEncoding = 4; lastKnownFileType = sourcecode.swift; path = LoginViewController.swift; sourceTree = "<group>"; };
		69302A3FFCD5FF3C083579C0 /* Pods-KeepItCool.release.xcconfig */ = {isa = PBXFileReference; includeInIndex = 1; lastKnownFileType = text.xcconfig; name = "Pods-KeepItCool.release.xcconfig"; path = "Pods/Target Support Files/Pods-KeepItCool/Pods-KeepItCool.release.xcconfig"; sourceTree = "<group>"; };
		C1D92245CAB87A2C97555B37 /* Pods-KeepItCool.debug.xcconfig */ = {isa = PBXFileReference; includeInIndex = 1; lastKnownFileType = text.xcconfig; name = "Pods-KeepItCool.debug.xcconfig"; path = "Pods/Target Support Files/Pods-KeepItCool/Pods-KeepItCool.debug.xcconfig"; sourceTree = "<group>"; };
		E785B940786CC047BB7C0F3D /* Pods_KeepItCool.framework */ = {isa = PBXFileReference; explicitFileType = wrapper.framework; includeInIndex = 0; path = Pods_KeepItCool.framework; sourceTree = BUILT_PRODUCTS_DIR; };
/* End PBXFileReference section */

/* Begin PBXFrameworksBuildPhase section */
		670E91231B1AA0B5000CBF23 /* Frameworks */ = {
			isa = PBXFrameworksBuildPhase;
			buildActionMask = 2147483647;
			files = (
				1C0BC1845CEBAC954266F731 /* Pods_KeepItCool.framework in Frameworks */,
				68FA1ADE876728EEEA24689A /* Pods.framework in Frameworks */,
			);
			runOnlyForDeploymentPostprocessing = 0;
		};
		670E91381B1AA0B6000CBF23 /* Frameworks */ = {
			isa = PBXFrameworksBuildPhase;
			buildActionMask = 2147483647;
			files = (
			);
			runOnlyForDeploymentPostprocessing = 0;
		};
/* End PBXFrameworksBuildPhase section */

/* Begin PBXGroup section */
		670E911D1B1AA0B5000CBF23 = {
			isa = PBXGroup;
			children = (
				670E91281B1AA0B5000CBF23 /* KeepItCool */,
				670E913E1B1AA0B6000CBF23 /* KeepItCoolTests */,
				670E91271B1AA0B5000CBF23 /* Products */,
				FA9F7DEB4781080788AA4BB5 /* Pods */,
				DCB09F166C0A1A1E5F416993 /* Frameworks */,
			);
			sourceTree = "<group>";
		};
		670E91271B1AA0B5000CBF23 /* Products */ = {
			isa = PBXGroup;
			children = (
				670E91261B1AA0B5000CBF23 /* KeepItCool.app */,
				670E913B1B1AA0B6000CBF23 /* KeepItCoolTests.xctest */,
			);
			name = Products;
			sourceTree = "<group>";
		};
		670E91281B1AA0B5000CBF23 /* KeepItCool */ = {
			isa = PBXGroup;
			children = (
				670E912B1B1AA0B6000CBF23 /* AppDelegate.swift */,
				6762E2321B5B3BC00004282D /* MainNavigationViewController.swift */,
				670E912D1B1AA0B6000CBF23 /* MainViewController.swift */,
				670E912F1B1AA0B6000CBF23 /* Main.storyboard */,
				670E91321B1AA0B6000CBF23 /* Images.xcassets */,
				670E91341B1AA0B6000CBF23 /* LaunchScreen.xib */,
				670E91291B1AA0B5000CBF23 /* Supporting Files */,
				6773963B1B1AE0CC00A59201 /* KRCollectionViewItem.swift */,
				6773963D1B1AE1AD00A59201 /* KRCollectionViewItem.xib */,
				67A8C9461B211A0F00B87317 /* Crypto.swift */,
				67E3590D1B5B23E80019DD81 /* LoginViewController.swift */,
				6762E2341B5B63CD0004282D /* SubZeroClient.swift */,
			);
			path = KeepItCool;
			sourceTree = "<group>";
		};
		670E91291B1AA0B5000CBF23 /* Supporting Files */ = {
			isa = PBXGroup;
			children = (
				670E912A1B1AA0B6000CBF23 /* Info.plist */,
			);
			name = "Supporting Files";
			sourceTree = "<group>";
		};
		670E913E1B1AA0B6000CBF23 /* KeepItCoolTests */ = {
			isa = PBXGroup;
			children = (
				670E91411B1AA0B6000CBF23 /* KeepItCoolTests.swift */,
				670E913F1B1AA0B6000CBF23 /* Supporting Files */,
			);
			path = KeepItCoolTests;
			sourceTree = "<group>";
		};
		670E913F1B1AA0B6000CBF23 /* Supporting Files */ = {
			isa = PBXGroup;
			children = (
				670E91401B1AA0B6000CBF23 /* Info.plist */,
			);
			name = "Supporting Files";
			sourceTree = "<group>";
		};
		DCB09F166C0A1A1E5F416993 /* Frameworks */ = {
			isa = PBXGroup;
			children = (
				E785B940786CC047BB7C0F3D /* Pods_KeepItCool.framework */,
				2E3BCD13BC7DADAD6D76DF38 /* Pods.framework */,
			);
			name = Frameworks;
			sourceTree = "<group>";
		};
		FA9F7DEB4781080788AA4BB5 /* Pods */ = {
			isa = PBXGroup;
			children = (
				C1D92245CAB87A2C97555B37 /* Pods-KeepItCool.debug.xcconfig */,
				69302A3FFCD5FF3C083579C0 /* Pods-KeepItCool.release.xcconfig */,
			);
			name = Pods;
			sourceTree = "<group>";
		};
/* End PBXGroup section */

/* Begin PBXNativeTarget section */
		670E91251B1AA0B5000CBF23 /* KeepItCool */ = {
			isa = PBXNativeTarget;
			buildConfigurationList = 670E91451B1AA0B6000CBF23 /* Build configuration list for PBXNativeTarget "KeepItCool" */;
			buildPhases = (
				E71BA2E663D9EC49C52559D2 /* Check Pods Manifest.lock */,
				670E91221B1AA0B5000CBF23 /* Sources */,
				670E91231B1AA0B5000CBF23 /* Frameworks */,
				670E91241B1AA0B5000CBF23 /* Resources */,
				5B4897A6E348D2DAE68EEB76 /* Copy Pods Resources */,
				F8CD39A7FEEA730FD7A895CD /* Embed Pods Frameworks */,
			);
			buildRules = (
			);
			dependencies = (
			);
			name = KeepItCool;
			productName = KeepItCool;
			productReference = 670E91261B1AA0B5000CBF23 /* KeepItCool.app */;
			productType = "com.apple.product-type.application";
		};
		670E913A1B1AA0B6000CBF23 /* KeepItCoolTests */ = {
			isa = PBXNativeTarget;
			buildConfigurationList = 670E91481B1AA0B6000CBF23 /* Build configuration list for PBXNativeTarget "KeepItCoolTests" */;
			buildPhases = (
				670E91371B1AA0B6000CBF23 /* Sources */,
				670E91381B1AA0B6000CBF23 /* Frameworks */,
				670E91391B1AA0B6000CBF23 /* Resources */,
			);
			buildRules = (
			);
			dependencies = (
				670E913D1B1AA0B6000CBF23 /* PBXTargetDependency */,
			);
			name = KeepItCoolTests;
			productName = KeepItCoolTests;
			productReference = 670E913B1B1AA0B6000CBF23 /* KeepItCoolTests.xctest */;
			productType = "com.apple.product-type.bundle.unit-test";
		};
/* End PBXNativeTarget section */

/* Begin PBXProject section */
		670E911E1B1AA0B5000CBF23 /* Project object */ = {
			isa = PBXProject;
			attributes = {
				LastSwiftUpdateCheck = 0700;
				LastUpgradeCheck = 0700;
				ORGANIZATIONNAME = "Kasra Rahjerdi";
				TargetAttributes = {
					670E91251B1AA0B5000CBF23 = {
						CreatedOnToolsVersion = 6.3.1;
						DevelopmentTeam = WS925YREA8;
					};
					670E913A1B1AA0B6000CBF23 = {
						CreatedOnToolsVersion = 6.3.1;
						TestTargetID = 670E91251B1AA0B5000CBF23;
					};
				};
			};
			buildConfigurationList = 670E91211B1AA0B5000CBF23 /* Build configuration list for PBXProject "KeepItCool" */;
			compatibilityVersion = "Xcode 3.2";
			developmentRegion = English;
			hasScannedForEncodings = 0;
			knownRegions = (
				en,
				Base,
			);
			mainGroup = 670E911D1B1AA0B5000CBF23;
			productRefGroup = 670E91271B1AA0B5000CBF23 /* Products */;
			projectDirPath = "";
			projectRoot = "";
			targets = (
				670E91251B1AA0B5000CBF23 /* KeepItCool */,
				670E913A1B1AA0B6000CBF23 /* KeepItCoolTests */,
			);
		};
/* End PBXProject section */

/* Begin PBXResourcesBuildPhase section */
		670E91241B1AA0B5000CBF23 /* Resources */ = {
			isa = PBXResourcesBuildPhase;
			buildActionMask = 2147483647;
			files = (
				6773963E1B1AE1AD00A59201 /* KRCollectionViewItem.xib in Resources */,
				670E91311B1AA0B6000CBF23 /* Main.storyboard in Resources */,
				670E91361B1AA0B6000CBF23 /* LaunchScreen.xib in Resources */,
				670E91331B1AA0B6000CBF23 /* Images.xcassets in Resources */,
			);
			runOnlyForDeploymentPostprocessing = 0;
		};
		670E91391B1AA0B6000CBF23 /* Resources */ = {
			isa = PBXResourcesBuildPhase;
			buildActionMask = 2147483647;
			files = (
			);
			runOnlyForDeploymentPostprocessing = 0;
		};
/* End PBXResourcesBuildPhase section */

/* Begin PBXShellScriptBuildPhase section */
		5B4897A6E348D2DAE68EEB76 /* Copy Pods Resources */ = {
			isa = PBXShellScriptBuildPhase;
			buildActionMask = 2147483647;
			files = (
			);
			inputPaths = (
			);
			name = "Copy Pods Resources";
			outputPaths = (
			);
			runOnlyForDeploymentPostprocessing = 0;
			shellPath = /bin/sh;
			shellScript = "\"${SRCROOT}/Pods/Target Support Files/Pods-KeepItCool/Pods-KeepItCool-resources.sh\"\n";
			showEnvVarsInLog = 0;
		};
		E71BA2E663D9EC49C52559D2 /* Check Pods Manifest.lock */ = {
			isa = PBXShellScriptBuildPhase;
			buildActionMask = 2147483647;
			files = (
			);
			inputPaths = (
			);
			name = "Check Pods Manifest.lock";
			outputPaths = (
			);
			runOnlyForDeploymentPostprocessing = 0;
			shellPath = /bin/sh;
			shellScript = "diff \"${PODS_ROOT}/../Podfile.lock\" \"${PODS_ROOT}/Manifest.lock\" > /dev/null\nif [[ $? != 0 ]] ; then\n    cat << EOM\nerror: The sandbox is not in sync with the Podfile.lock. Run 'pod install' or update your CocoaPods installation.\nEOM\n    exit 1\nfi\n";
			showEnvVarsInLog = 0;
		};
		F8CD39A7FEEA730FD7A895CD /* Embed Pods Frameworks */ = {
			isa = PBXShellScriptBuildPhase;
			buildActionMask = 2147483647;
			files = (
			);
			inputPaths = (
			);
			name = "Embed Pods Frameworks";
			outputPaths = (
			);
			runOnlyForDeploymentPostprocessing = 0;
			shellPath = /bin/sh;
			shellScript = "\"${SRCROOT}/Pods/Target Support Files/Pods-KeepItCool/Pods-KeepItCool-frameworks.sh\"\n";
			showEnvVarsInLog = 0;
		};
/* End PBXShellScriptBuildPhase section */

/* Begin PBXSourcesBuildPhase section */
		670E91221B1AA0B5000CBF23 /* Sources */ = {
			isa = PBXSourcesBuildPhase;
			buildActionMask = 2147483647;
			files = (
				6762E2351B5B63CD0004282D /* SubZeroClient.swift in Sources */,
				67A8C9471B211A0F00B87317 /* Crypto.swift in Sources */,
				6762E2331B5B3BC00004282D /* MainNavigationViewController.swift in Sources */,
				670E912E1B1AA0B6000CBF23 /* MainViewController.swift in Sources */,
				670E912C1B1AA0B6000CBF23 /* AppDelegate.swift in Sources */,
				67E3590E1B5B23E80019DD81 /* LoginViewController.swift in Sources */,
				6773963C1B1AE0CC00A59201 /* KRCollectionViewItem.swift in Sources */,
			);
			runOnlyForDeploymentPostprocessing = 0;
		};
		670E91371B1AA0B6000CBF23 /* Sources */ = {
			isa = PBXSourcesBuildPhase;
			buildActionMask = 2147483647;
			files = (
				670E91421B1AA0B6000CBF23 /* KeepItCoolTests.swift in Sources */,
			);
			runOnlyForDeploymentPostprocessing = 0;
		};
/* End PBXSourcesBuildPhase section */

/* Begin PBXTargetDependency section */
		670E913D1B1AA0B6000CBF23 /* PBXTargetDependency */ = {
			isa = PBXTargetDependency;
			target = 670E91251B1AA0B5000CBF23 /* KeepItCool */;
			targetProxy = 670E913C1B1AA0B6000CBF23 /* PBXContainerItemProxy */;
		};
/* End PBXTargetDependency section */

/* Begin PBXVariantGroup section */
		670E912F1B1AA0B6000CBF23 /* Main.storyboard */ = {
			isa = PBXVariantGroup;
			children = (
				670E91301B1AA0B6000CBF23 /* Base */,
			);
			name = Main.storyboard;
			sourceTree = "<group>";
		};
		670E91341B1AA0B6000CBF23 /* LaunchScreen.xib */ = {
			isa = PBXVariantGroup;
			children = (
				670E91351B1AA0B6000CBF23 /* Base */,
			);
			name = LaunchScreen.xib;
			sourceTree = "<group>";
		};
/* End PBXVariantGroup section */

/* Begin XCBuildConfiguration section */
		670E91431B1AA0B6000CBF23 /* Debug */ = {
			isa = XCBuildConfiguration;
			buildSettings = {
				ALWAYS_SEARCH_USER_PATHS = NO;
				CLANG_CXX_LANGUAGE_STANDARD = "gnu++0x";
				CLANG_CXX_LIBRARY = "libc++";
				CLANG_ENABLE_MODULES = YES;
				CLANG_ENABLE_OBJC_ARC = YES;
				CLANG_WARN_BOOL_CONVERSION = YES;
				CLANG_WARN_CONSTANT_CONVERSION = YES;
				CLANG_WARN_DIRECT_OBJC_ISA_USAGE = YES_ERROR;
				CLANG_WARN_EMPTY_BODY = YES;
				CLANG_WARN_ENUM_CONVERSION = YES;
				CLANG_WARN_INT_CONVERSION = YES;
				CLANG_WARN_OBJC_ROOT_CLASS = YES_ERROR;
				CLANG_WARN_UNREACHABLE_CODE = YES;
				CLANG_WARN__DUPLICATE_METHOD_MATCH = YES;
				"CODE_SIGN_IDENTITY[sdk=iphoneos*]" = "iPhone Developer";
				COPY_PHASE_STRIP = NO;
				DEBUG_INFORMATION_FORMAT = "dwarf-with-dsym";
				ENABLE_STRICT_OBJC_MSGSEND = YES;
				ENABLE_TESTABILITY = YES;
				GCC_C_LANGUAGE_STANDARD = gnu99;
				GCC_DYNAMIC_NO_PIC = NO;
				GCC_NO_COMMON_BLOCKS = YES;
				GCC_OPTIMIZATION_LEVEL = 0;
				GCC_PREPROCESSOR_DEFINITIONS = (
					"DEBUG=1",
					"$(inherited)",
				);
				GCC_SYMBOLS_PRIVATE_EXTERN = NO;
				GCC_WARN_64_TO_32_BIT_CONVERSION = YES;
				GCC_WARN_ABOUT_RETURN_TYPE = YES_ERROR;
				GCC_WARN_UNDECLARED_SELECTOR = YES;
				GCC_WARN_UNINITIALIZED_AUTOS = YES_AGGRESSIVE;
				GCC_WARN_UNUSED_FUNCTION = YES;
				GCC_WARN_UNUSED_VARIABLE = YES;
				IPHONEOS_DEPLOYMENT_TARGET = 8.3;
				MTL_ENABLE_DEBUG_INFO = YES;
				ONLY_ACTIVE_ARCH = YES;
				SDKROOT = iphoneos;
				SWIFT_OPTIMIZATION_LEVEL = "-Onone";
				TARGETED_DEVICE_FAMILY = "1,2";
			};
			name = Debug;
		};
		670E91441B1AA0B6000CBF23 /* Release */ = {
			isa = XCBuildConfiguration;
			buildSettings = {
				ALWAYS_SEARCH_USER_PATHS = NO;
				CLANG_CXX_LANGUAGE_STANDARD = "gnu++0x";
				CLANG_CXX_LIBRARY = "libc++";
				CLANG_ENABLE_MODULES = YES;
				CLANG_ENABLE_OBJC_ARC = YES;
				CLANG_WARN_BOOL_CONVERSION = YES;
				CLANG_WARN_CONSTANT_CONVERSION = YES;
				CLANG_WARN_DIRECT_OBJC_ISA_USAGE = YES_ERROR;
				CLANG_WARN_EMPTY_BODY = YES;
				CLANG_WARN_ENUM_CONVERSION = YES;
				CLANG_WARN_INT_CONVERSION = YES;
				CLANG_WARN_OBJC_ROOT_CLASS = YES_ERROR;
				CLANG_WARN_UNREACHABLE_CODE = YES;
				CLANG_WARN__DUPLICATE_METHOD_MATCH = YES;
				"CODE_SIGN_IDENTITY[sdk=iphoneos*]" = "iPhone Developer";
				COPY_PHASE_STRIP = NO;
				DEBUG_INFORMATION_FORMAT = "dwarf-with-dsym";
				ENABLE_NS_ASSERTIONS = NO;
				ENABLE_STRICT_OBJC_MSGSEND = YES;
				GCC_C_LANGUAGE_STANDARD = gnu99;
				GCC_NO_COMMON_BLOCKS = YES;
				GCC_WARN_64_TO_32_BIT_CONVERSION = YES;
				GCC_WARN_ABOUT_RETURN_TYPE = YES_ERROR;
				GCC_WARN_UNDECLARED_SELECTOR = YES;
				GCC_WARN_UNINITIALIZED_AUTOS = YES_AGGRESSIVE;
				GCC_WARN_UNUSED_FUNCTION = YES;
				GCC_WARN_UNUSED_VARIABLE = YES;
				IPHONEOS_DEPLOYMENT_TARGET = 8.3;
				MTL_ENABLE_DEBUG_INFO = NO;
				SDKROOT = iphoneos;
				TARGETED_DEVICE_FAMILY = "1,2";
				VALIDATE_PRODUCT = YES;
			};
			name = Release;
		};
		670E91461B1AA0B6000CBF23 /* Debug */ = {
			isa = XCBuildConfiguration;
			baseConfigurationReference = C1D92245CAB87A2C97555B37 /* Pods-KeepItCool.debug.xcconfig */;
			buildSettings = {
				ASSETCATALOG_COMPILER_APPICON_NAME = AppIcon;
				CODE_SIGN_IDENTITY = "iPhone Developer";
				"CODE_SIGN_IDENTITY[sdk=iphoneos*]" = "iPhone Developer";
				DEFINES_MODULE = YES;
				INFOPLIST_FILE = KeepItCool/Info.plist;
				LD_RUNPATH_SEARCH_PATHS = "$(inherited) @executable_path/Frameworks";
				PRODUCT_BUNDLE_IDENTIFIER = "com.kasra.$(PRODUCT_NAME:rfc1034identifier)";
				PRODUCT_NAME = "$(TARGET_NAME)";
				PROVISIONING_PROFILE = "";
				SWIFT_OBJC_BRIDGING_HEADER = "";
				TARGETED_DEVICE_FAMILY = "1,2";
			};
			name = Debug;
		};
		670E91471B1AA0B6000CBF23 /* Release */ = {
			isa = XCBuildConfiguration;
			baseConfigurationReference = 69302A3FFCD5FF3C083579C0 /* Pods-KeepItCool.release.xcconfig */;
			buildSettings = {
				ASSETCATALOG_COMPILER_APPICON_NAME = AppIcon;
				CODE_SIGN_IDENTITY = "iPhone Developer";
				"CODE_SIGN_IDENTITY[sdk=iphoneos*]" = "iPhone Developer";
				DEFINES_MODULE = YES;
				INFOPLIST_FILE = KeepItCool/Info.plist;
				LD_RUNPATH_SEARCH_PATHS = "$(inherited) @executable_path/Frameworks";
				PRODUCT_BUNDLE_IDENTIFIER = "com.kasra.$(PRODUCT_NAME:rfc1034identifier)";
				PRODUCT_NAME = "$(TARGET_NAME)";
				PROVISIONING_PROFILE = "";
				SWIFT_OBJC_BRIDGING_HEADER = "";
				TARGETED_DEVICE_FAMILY = "1,2";
			};
			name = Release;
		};
		670E91491B1AA0B6000CBF23 /* Debug */ = {
			isa = XCBuildConfiguration;
			buildSettings = {
				BUNDLE_LOADER = "$(TEST_HOST)";
				FRAMEWORK_SEARCH_PATHS = (
					"$(SDKROOT)/Developer/Library/Frameworks",
					"$(inherited)",
				);
				GCC_PREPROCESSOR_DEFINITIONS = (
					"DEBUG=1",
					"$(inherited)",
				);
				INFOPLIST_FILE = KeepItCoolTests/Info.plist;
				LD_RUNPATH_SEARCH_PATHS = "$(inherited) @executable_path/Frameworks @loader_path/Frameworks";
				PRODUCT_BUNDLE_IDENTIFIER = "com.kasra.$(PRODUCT_NAME:rfc1034identifier)";
				PRODUCT_NAME = "$(TARGET_NAME)";
				TEST_HOST = "$(BUILT_PRODUCTS_DIR)/KeepItCool.app/KeepItCool";
			};
			name = Debug;
		};
		670E914A1B1AA0B6000CBF23 /* Release */ = {
			isa = XCBuildConfiguration;
			buildSettings = {
				BUNDLE_LOADER = "$(TEST_HOST)";
				FRAMEWORK_SEARCH_PATHS = (
					"$(SDKROOT)/Developer/Library/Frameworks",
					"$(inherited)",
				);
				INFOPLIST_FILE = KeepItCoolTests/Info.plist;
				LD_RUNPATH_SEARCH_PATHS = "$(inherited) @executable_path/Frameworks @loader_path/Frameworks";
				PRODUCT_BUNDLE_IDENTIFIER = "com.kasra.$(PRODUCT_NAME:rfc1034identifier)";
				PRODUCT_NAME = "$(TARGET_NAME)";
				TEST_HOST = "$(BUILT_PRODUCTS_DIR)/KeepItCool.app/KeepItCool";
			};
			name = Release;
		};
/* End XCBuildConfiguration section */

/* Begin XCConfigurationList section */
		670E91211B1AA0B5000CBF23 /* Build configuration list for PBXProject "KeepItCool" */ = {
			isa = XCConfigurationList;
			buildConfigurations = (
				670E91431B1AA0B6000CBF23 /* Debug */,
				670E91441B1AA0B6000CBF23 /* Release */,
			);
			defaultConfigurationIsVisible = 0;
			defaultConfigurationName = Release;
		};
		670E91451B1AA0B6000CBF23 /* Build configuration list for PBXNativeTarget "KeepItCool" */ = {
			isa = XCConfigurationList;
			buildConfigurations = (
				670E91461B1AA0B6000CBF23 /* Debug */,
				670E91471B1AA0B6000CBF23 /* Release */,
			);
			defaultConfigurationIsVisible = 0;
			defaultConfigurationName = Release;
		};
		670E91481B1AA0B6000CBF23 /* Build configuration list for PBXNativeTarget "KeepItCoolTests" */ = {
			isa = XCConfigurationList;
			buildConfigurations = (
				670E91491B1AA0B6000CBF23 /* Debug */,
				670E914A1B1AA0B6000CBF23 /* Release */,
			);
			defaultConfigurationIsVisible = 0;
			defaultConfigurationName = Release;
		};
/* End XCConfigurationList section */
	};
	rootObject = 670E911E1B1AA0B5000CBF23 /* Project object */;
}
